
Microsoft Visual Studio Solution File, Format Version 12.00
# Visual Studio 15
VisualStudioVersion = 15.0.27130.2024
MinimumVisualStudioVersion = 10.0.40219.1
Project("{8BC9CEB8-8B4A-11D0-8D11-00A0C91BC942}") = "AD_V3", "AD_V3\AD_V3.vcxproj", "{E0B0DD5D-EB6A-4EF5-889E-DD9471254090}"
EndProject
Global
	GlobalSection(SolutionConfigurationPlatforms) = preSolution
		Debug|x64 = Debug|x64
		Debug|x86 = Debug|x86
		Release|x64 = Release|x64
		Release|x86 = Release|x86
	EndGlobalSection
	GlobalSection(ProjectConfigurationPlatforms) = postSolution
		{E0B0DD5D-EB6A-4EF5-889E-DD9471254090}.Debug|x64.ActiveCfg = Debug|x64
		{E0B0DD5D-EB6A-4EF5-889E-DD9471254090}.Debug|x64.Build.0 = Debug|x64
		{E0B0DD5D-EB6A-4EF5-889E-DD9471254090}.Debug|x86.ActiveCfg = Debug|Win32
		{E0B0DD5D-EB6A-4EF5-889E-DD9471254090}.Debug|x86.Build.0 = Debug|Win32
		{E0B0DD5D-EB6A-4EF5-889E-DD9471254090}.Release|x64.ActiveCfg = Release|x64
		{E0B0DD5D-EB6A-4EF5-889E-DD9471254090}.Release|x64.Build.0 = Release|x64
		{E0B0DD5D-EB6A-4EF5-889E-DD9471254090}.Release|x86.ActiveCfg = Release|Win32
		{E0B0DD5D-EB6A-4EF5-889E-DD9471254090}.Release|x86.Build.0 = Release|Win32
	EndGlobalSection
	GlobalSection(SolutionProperties) = preSolution
		HideSolutionNode = FALSE
	EndGlobalSection
	GlobalSection(ExtensibilityGlobals) = postSolution
		SolutionGuid = {3EE7D49B-C5D6-46FC-BE77-6A7D00244239}
	EndGlobalSection
EndGlobal
